
Microsoft Visual Studio Solution File, Format Version 12.00
# Visual Studio 15
VisualStudioVersion = 15.0.27703.2018
MinimumVisualStudioVersion = 10.0.40219.1
Project("{FAE04EC0-301F-11D3-BF4B-00C04F79EFBC}") = "Bussen", "Bussen\Bussen.csproj", "{2F82E968-454A-4BC5-AEED-B966B39AD568}"
EndProject
Global
	GlobalSection(SolutionConfigurationPlatforms) = preSolution
		Debug|Any CPU = Debug|Any CPU
		Release|Any CPU = Release|Any CPU
	EndGlobalSection
	GlobalSection(ProjectConfigurationPlatforms) = postSolution
		{2F82E968-454A-4BC5-AEED-B966B39AD568}.Debug|Any CPU.ActiveCfg = Debug|Any CPU
		{2F82E968-454A-4BC5-AEED-B966B39AD568}.Debug|Any CPU.Build.0 = Debug|Any CPU
		{2F82E968-454A-4BC5-AEED-B966B39AD568}.Release|Any CPU.ActiveCfg = Release|Any CPU
		{2F82E968-454A-4BC5-AEED-B966B39AD568}.Release|Any CPU.Build.0 = Release|Any CPU
	EndGlobalSection
	GlobalSection(SolutionProperties) = preSolution
		HideSolutionNode = FALSE
	EndGlobalSection
	GlobalSection(ExtensibilityGlobals) = postSolution
		SolutionGuid = {2A86A8BC-15E9-4C86-B141-39D88A27E989}
	EndGlobalSection
EndGlobal
